
Microsoft Visual Studio Solution File, Format Version 12.00
# Visual Studio Version 17
VisualStudioVersion = 17.0.32112.339
MinimumVisualStudioVersion = 10.0.40219.1
Project("{FAE04EC0-301F-11D3-BF4B-00C04F79EFBC}") = "For-Space-Lovers", "For-Space-Lovers\For-Space-Lovers.csproj", "{9E48139C-5808-4415-8DD4-213A370C41D2}"
EndProject
Global
	GlobalSection(SolutionConfigurationPlatforms) = preSolution
		Debug|Any CPU = Debug|Any CPU
		Release|Any CPU = Release|Any CPU
	EndGlobalSection
	GlobalSection(ProjectConfigurationPlatforms) = postSolution
		{9E48139C-5808-4415-8DD4-213A370C41D2}.Debug|Any CPU.ActiveCfg = Debug|Any CPU
		{9E48139C-5808-4415-8DD4-213A370C41D2}.Debug|Any CPU.Build.0 = Debug|Any CPU
		{9E48139C-5808-4415-8DD4-213A370C41D2}.Release|Any CPU.ActiveCfg = Release|Any CPU
		{9E48139C-5808-4415-8DD4-213A370C41D2}.Release|Any CPU.Build.0 = Release|Any CPU
	EndGlobalSection
	GlobalSection(SolutionProperties) = preSolution
		HideSolutionNode = FALSE
	EndGlobalSection
	GlobalSection(ExtensibilityGlobals) = postSolution
		SolutionGuid = {DEDD29A0-9A05-4206-AB52-35BA8003C698}
	EndGlobalSection
EndGlobal
